# This file is automatically @generated by Cargo.
# It is not intended for manual editing.
version = 4

[[package]]
name = "px"
version = "0.1.0"
dependencies = [
 "px-backends",
 "px-config",
 "px-core",
 "px-discovery",
]

[[package]]
name = "px-backends"
version = "0.1.0"
dependencies = [
 "px-core",
]

[[package]]
name = "px-config"
version = "0.1.0"

[[package]]
name = "px-core"
version = "0.1.0"

[[package]]
name = "px-discovery"
version = "0.1.0"
dependencies = [
 "px-core",
]
